
Microsoft Visual Studio Solution File, Format Version 12.00
# Visual Studio Version 17
VisualStudioVersion = 17.13.35919.96 d17.13
MinimumVisualStudioVersion = 10.0.40219.1
Project("{FAE04EC0-301F-11D3-BF4B-00C04F79EFBC}") = "apiVideojuegos", "apiVideojuegos\apiVideojuegos.csproj", "{79C0DAAE-5C24-4759-B965-E2FDC2857779}"
EndProject
Global
	GlobalSection(SolutionConfigurationPlatforms) = preSolution
		Debug|Any CPU = Debug|Any CPU
		Release|Any CPU = Release|Any CPU
	EndGlobalSection
	GlobalSection(ProjectConfigurationPlatforms) = postSolution
		{79C0DAAE-5C24-4759-B965-E2FDC2857779}.Debug|Any CPU.ActiveCfg = Debug|Any CPU
		{79C0DAAE-5C24-4759-B965-E2FDC2857779}.Debug|Any CPU.Build.0 = Debug|Any CPU
		{79C0DAAE-5C24-4759-B965-E2FDC2857779}.Release|Any CPU.ActiveCfg = Release|Any CPU
		{79C0DAAE-5C24-4759-B965-E2FDC2857779}.Release|Any CPU.Build.0 = Release|Any CPU
	EndGlobalSection
	GlobalSection(SolutionProperties) = preSolution
		HideSolutionNode = FALSE
	EndGlobalSection
	GlobalSection(ExtensibilityGlobals) = postSolution
		SolutionGuid = {88501144-0A32-41F4-97BA-C83FCD14F943}
	EndGlobalSection
EndGlobal
